
Microsoft Visual Studio Solution File, Format Version 12.00
# Visual Studio Version 17
VisualStudioVersion = 17.11.35312.102
MinimumVisualStudioVersion = 10.0.40219.1
Project("{9A19103F-16F7-4668-BE54-9A1E7A4F7556}") = "200SXContact", "200SXContact.csproj", "{6101C332-2E4D-47A2-A144-BFF2650D7B4E}"
EndProject
Project("{FAE04EC0-301F-11D3-BF4B-00C04F79EFBC}") = "200SXContact.Tests", "..\200SXContact.Tests\200SXContact.Tests.csproj", "{D43DFC96-A2E2-460E-94CC-055347D16D3D}"
EndProject
Global
	GlobalSection(SolutionConfigurationPlatforms) = preSolution
		Debug|Any CPU = Debug|Any CPU
		Release|Any CPU = Release|Any CPU
	EndGlobalSection
	GlobalSection(ProjectConfigurationPlatforms) = postSolution
		{6101C332-2E4D-47A2-A144-BFF2650D7B4E}.Debug|Any CPU.ActiveCfg = Debug|Any CPU
		{6101C332-2E4D-47A2-A144-BFF2650D7B4E}.Debug|Any CPU.Build.0 = Debug|Any CPU
		{6101C332-2E4D-47A2-A144-BFF2650D7B4E}.Release|Any CPU.ActiveCfg = Release|Any CPU
		{6101C332-2E4D-47A2-A144-BFF2650D7B4E}.Release|Any CPU.Build.0 = Release|Any CPU
		{D43DFC96-A2E2-460E-94CC-055347D16D3D}.Debug|Any CPU.ActiveCfg = Debug|Any CPU
		{D43DFC96-A2E2-460E-94CC-055347D16D3D}.Debug|Any CPU.Build.0 = Debug|Any CPU
		{D43DFC96-A2E2-460E-94CC-055347D16D3D}.Release|Any CPU.ActiveCfg = Release|Any CPU
		{D43DFC96-A2E2-460E-94CC-055347D16D3D}.Release|Any CPU.Build.0 = Release|Any CPU
	EndGlobalSection
	GlobalSection(SolutionProperties) = preSolution
		HideSolutionNode = FALSE
	EndGlobalSection
	GlobalSection(ExtensibilityGlobals) = postSolution
		SolutionGuid = {EBC875E8-7852-4D65-AE1A-CFB5EF08FA20}
	EndGlobalSection
EndGlobal
